
Microsoft Visual Studio Solution File, Format Version 12.00
# Visual Studio 15
VisualStudioVersion = 15.0.27004.2005
MinimumVisualStudioVersion = 10.0.40219.1
Project("{00D1A9C2-B5F0-4AF3-8072-F6C62B433612}") = "NobelDB", "NobelDB\NobelDB.sqlproj", "{BF3410DE-1876-4513-AFA2-68DFB2F12D00}"
EndProject
Project("{FAE04EC0-301F-11D3-BF4B-00C04F79EFBC}") = "NobelMVC", "NobelMVC\NobelMVC.csproj", "{15A45F5A-11B5-45A6-9DC9-1D1E51BECCB9}"
EndProject
Global
	GlobalSection(SolutionConfigurationPlatforms) = preSolution
		Debug|Any CPU = Debug|Any CPU
		Release|Any CPU = Release|Any CPU
	EndGlobalSection
	GlobalSection(ProjectConfigurationPlatforms) = postSolution
		{BF3410DE-1876-4513-AFA2-68DFB2F12D00}.Debug|Any CPU.ActiveCfg = Debug|Any CPU
		{BF3410DE-1876-4513-AFA2-68DFB2F12D00}.Debug|Any CPU.Build.0 = Debug|Any CPU
		{BF3410DE-1876-4513-AFA2-68DFB2F12D00}.Release|Any CPU.ActiveCfg = Release|Any CPU
		{BF3410DE-1876-4513-AFA2-68DFB2F12D00}.Release|Any CPU.Build.0 = Release|Any CPU
		{BF3410DE-1876-4513-AFA2-68DFB2F12D00}.Release|Any CPU.Deploy.0 = Release|Any CPU
		{15A45F5A-11B5-45A6-9DC9-1D1E51BECCB9}.Debug|Any CPU.ActiveCfg = Debug|Any CPU
		{15A45F5A-11B5-45A6-9DC9-1D1E51BECCB9}.Debug|Any CPU.Build.0 = Debug|Any CPU
		{15A45F5A-11B5-45A6-9DC9-1D1E51BECCB9}.Release|Any CPU.ActiveCfg = Release|Any CPU
		{15A45F5A-11B5-45A6-9DC9-1D1E51BECCB9}.Release|Any CPU.Build.0 = Release|Any CPU
	EndGlobalSection
	GlobalSection(SolutionProperties) = preSolution
		HideSolutionNode = FALSE
	EndGlobalSection
	GlobalSection(ExtensibilityGlobals) = postSolution
		SolutionGuid = {A15DAA44-1AE1-4B72-9441-3283F533F940}
	EndGlobalSection
EndGlobal
